# This file is automatically @generated by Cargo.
# It is not intended for manual editing.
version = 4

[[package]]
name = "api"
version = "0.1.0"
source = "git+https://github.com/robinonsay/rustos?rev=c9852112283c741b19d7337f30966c2eaab75751#c9852112283c741b19d7337f30966c2eaab75751"

[[package]]
name = "keyer-core"
version = "0.1.0"

[[package]]
name = "pico2"
version = "0.1.0"
source = "git+https://github.com/robinonsay/rustos?rev=c9852112283c741b19d7337f30966c2eaab75751#c9852112283c741b19d7337f30966c2eaab75751"
dependencies = [
 "api",
]

[[package]]
name = "pico2-keyer"
version = "0.1.0"
dependencies = [
 "api",
 "keyer-core",
 "pico2",
]
