# This file is automatically @generated by Cargo.
# It is not intended for manual editing.
version = 4

[[package]]
name = "api"
version = "0.1.0"
source = "git+https://github.com/robinonsay/rustos?rev=cfc2b140af7d13e91d79f0fb40e36bc84a4a3ca4#cfc2b140af7d13e91d79f0fb40e36bc84a4a3ca4"

[[package]]
name = "keyer-core"
version = "0.1.0"

[[package]]
name = "pico2"
version = "0.1.0"
source = "git+https://github.com/robinonsay/rustos?rev=cfc2b140af7d13e91d79f0fb40e36bc84a4a3ca4#cfc2b140af7d13e91d79f0fb40e36bc84a4a3ca4"
dependencies = [
 "api",
]

[[package]]
name = "pico2-keyer"
version = "0.1.0"
dependencies = [
 "api",
 "keyer-core",
 "pico2",
]
