# This file is automatically @generated by Cargo.
# It is not intended for manual editing.
version = 4

[[package]]
name = "api"
version = "0.1.0"
source = "git+https://github.com/robinonsay/rustos?rev=c1c82c9af53e3da8c823d4cd4ca26bbb04a1fcf1#c1c82c9af53e3da8c823d4cd4ca26bbb04a1fcf1"

[[package]]
name = "keyer-core"
version = "0.1.0"

[[package]]
name = "pico2"
version = "0.1.0"
source = "git+https://github.com/robinonsay/rustos?rev=c1c82c9af53e3da8c823d4cd4ca26bbb04a1fcf1#c1c82c9af53e3da8c823d4cd4ca26bbb04a1fcf1"
dependencies = [
 "api",
]

[[package]]
name = "pico2-keyer"
version = "0.1.0"
dependencies = [
 "api",
 "keyer-core",
 "pico2",
]
